// !$*UTF8*$!
{
	archiveVersion = 1;
	classes = {
	};
	objectVersion = 50;
	objects = {

/* Begin PBXBuildFile section */
		A501961421732E4700EA75D0 /* AppDelegate.m in Sources */ = {isa = PBXBuildFile; fileRef = A501961321732E4700EA75D0 /* AppDelegate.m */; };
		A501961721732E4700EA75D0 /* ViewController.m in Sources */ = {isa = PBXBuildFile; fileRef = A501961621732E4700EA75D0 /* ViewController.m */; };
		A501961A21732E4700EA75D0 /* Main.storyboard in Resources */ = {isa = PBXBuildFile; fileRef = A501961821732E4700EA75D0 /* Main.storyboard */; };
		A501961C21732E4900EA75D0 /* Assets.xcassets in Resources */ = {isa = PBXBuildFile; fileRef = A501961B21732E4900EA75D0 /* Assets.xcassets */; };
		A501961F21732E4900EA75D0 /* LaunchScreen.storyboard in Resources */ = {isa = PBXBuildFile; fileRef = A501961D21732E4900EA75D0 /* LaunchScreen.storyboard */; };
		A501962221732E4900EA75D0 /* main.m in Sources */ = {isa = PBXBuildFile; fileRef = A501962121732E4900EA75D0 /* main.m */; };
		A501962921732EC200EA75D0 /* FirstViewController.m in Sources */ = {isa = PBXBuildFile; fileRef = A501962821732EC200EA75D0 /* FirstViewController.m */; };
/* End PBXBuildFile section */

/* Begin PBXFileReference section */
		A501960F21732E4600EA75D0 /* UIViewControllerBasic.app */ = {isa = PBXFileReference; explicitFileType = wrapper.application; includeInIndex = 0; path = UIViewControllerBasic.app; sourceTree = BUILT_PRODUCTS_DIR; };
		A501961221732E4600EA75D0 /* AppDelegate.h */ = {isa = PBXFileReference; lastKnownFileType = sourcecode.c.h; path = AppDelegate.h; sourceTree = "<group>"; };
		A501961321732E4700EA75D0 /* AppDelegate.m */ = {isa = PBXFileReference; lastKnownFileType = sourcecode.c.objc; path = AppDelegate.m; sourceTree = "<group>"; };
		A501961521732E4700EA75D0 /* ViewController.h */ = {isa = PBXFileReference; lastKnownFileType = sourcecode.c.h; path = ViewController.h; sourceTree = "<group>"; };
		A501961621732E4700EA75D0 /* ViewController.m */ = {isa = PBXFileReference; lastKnownFileType = sourcecode.c.objc; path = ViewController.m; sourceTree = "<group>"; };
		A501961921732E4700EA75D0 /* Base */ = {isa = PBXFileReference; lastKnownFileType = file.storyboard; name = Base; path = Base.lproj/Main.storyboard; sourceTree = "<group>"; };
		A501961B21732E4900EA75D0 /* Assets.xcassets */ = {isa = PBXFileReference; lastKnownFileType = folder.assetcatalog; path = Assets.xcassets; sourceTree = "<group>"; };
		A501961E21732E4900EA75D0 /* Base */ = {isa = PBXFileReference; lastKnownFileType = file.storyboard; name = Base; path = Base.lproj/LaunchScreen.storyboard; sourceTree = "<group>"; };
		A501962021732E4900EA75D0 /* Info.plist */ = {isa = PBXFileReference; lastKnownFileType = text.plist.xml; path = Info.plist; sourceTree = "<group>"; };
		A501962121732E4900EA75D0 /* main.m */ = {isa = PBXFileReference; lastKnownFileType = sourcecode.c.objc; path = main.m; sourceTree = "<group>"; };
		A501962821732EC200EA75D0 /* FirstViewController.m */ = {isa = PBXFileReference; lastKnownFileType = sourcecode.c.objc; path = FirstViewController.m; sourceTree = "<group>"; };
		A501962A2173301700EA75D0 /* FirstViewController.h */ = {isa = PBXFileReference; lastKnownFileType = sourcecode.c.h; path = FirstViewController.h; sourceTree = "<group>"; };
/* End PBXFileReference section */

/* Begin PBXFrameworksBuildPhase section */
		A501960C21732E4600EA75D0 /* Frameworks */ = {
			isa = PBXFrameworksBuildPhase;
			buildActionMask = 2147483647;
			files = (
			);
			runOnlyForDeploymentPostprocessing = 0;
		};
/* End PBXFrameworksBuildPhase section */

/* Begin PBXGroup section */
		A501960621732E4600EA75D0 = {
			isa = PBXGroup;
			children = (
				A501961121732E4600EA75D0 /* UIViewControllerBasic */,
				A501961021732E4600EA75D0 /* Products */,
			);
			sourceTree = "<group>";
		};
		A501961021732E4600EA75D0 /* Products */ = {
			isa = PBXGroup;
			children = (
				A501960F21732E4600EA75D0 /* UIViewControllerBasic.app */,
			);
			name = Products;
			sourceTree = "<group>";
		};
		A501961121732E4600EA75D0 /* UIViewControllerBasic */ = {
			isa = PBXGroup;
			children = (
				A501961221732E4600EA75D0 /* AppDelegate.h */,
				A501961321732E4700EA75D0 /* AppDelegate.m */,
				A501961521732E4700EA75D0 /* ViewController.h */,
				A501961621732E4700EA75D0 /* ViewController.m */,
				A501962821732EC200EA75D0 /* FirstViewController.m */,
				A501962A2173301700EA75D0 /* FirstViewController.h */,
				A501961821732E4700EA75D0 /* Main.storyboard */,
				A501961B21732E4900EA75D0 /* Assets.xcassets */,
				A501961D21732E4900EA75D0 /* LaunchScreen.storyboard */,
				A501962021732E4900EA75D0 /* Info.plist */,
				A501962121732E4900EA75D0 /* main.m */,
			);
			path = UIViewControllerBasic;
			sourceTree = "<group>";
		};
/* End PBXGroup section */

/* Begin PBXNativeTarget section */
		A501960E21732E4600EA75D0 /* UIViewControllerBasic */ = {
			isa = PBXNativeTarget;
			buildConfigurationList = A501962521732E4900EA75D0 /* Build configuration list for PBXNativeTarget "UIViewControllerBasic" */;
			buildPhases = (
				A501960B21732E4600EA75D0 /* Sources */,
				A501960C21732E4600EA75D0 /* Frameworks */,
				A501960D21732E4600EA75D0 /* Resources */,
			);
			buildRules = (
			);
			dependencies = (
			);
			name = UIViewControllerBasic;
			productName = UIViewControllerBasic;
			productReference = A501960F21732E4600EA75D0 /* UIViewControllerBasic.app */;
			productType = "com.apple.product-type.application";
		};
/* End PBXNativeTarget section */

/* Begin PBXProject section */
		A501960721732E4600EA75D0 /* Project object */ = {
			isa = PBXProject;
			attributes = {
				LastUpgradeCheck = 1000;
				ORGANIZATIONNAME = Hata_Toshiki;
				TargetAttributes = {
					A501960E21732E4600EA75D0 = {
						CreatedOnToolsVersion = 10.0;
					};
				};
			};
			buildConfigurationList = A501960A21732E4600EA75D0 /* Build configuration list for PBXProject "UIViewControllerBasic" */;
			compatibilityVersion = "Xcode 9.3";
			developmentRegion = en;
			hasScannedForEncodings = 0;
			knownRegions = (
				en,
				Base,
			);
			mainGroup = A501960621732E4600EA75D0;
			productRefGroup = A501961021732E4600EA75D0 /* Products */;
			projectDirPath = "";
			projectRoot = "";
			targets = (
				A501960E21732E4600EA75D0 /* UIViewControllerBasic */,
			);
		};
/* End PBXProject section */

/* Begin PBXResourcesBuildPhase section */
		A501960D21732E4600EA75D0 /* Resources */ = {
			isa = PBXResourcesBuildPhase;
			buildActionMask = 2147483647;
			files = (
				A501961F21732E4900EA75D0 /* LaunchScreen.storyboard in Resources */,
				A501961C21732E4900EA75D0 /* Assets.xcassets in Resources */,
				A501961A21732E4700EA75D0 /* Main.storyboard in Resources */,
			);
			runOnlyForDeploymentPostprocessing = 0;
		};
/* End PBXResourcesBuildPhase section */

/* Begin PBXSourcesBuildPhase section */
		A501960B21732E4600EA75D0 /* Sources */ = {
			isa = PBXSourcesBuildPhase;
			buildActionMask = 2147483647;
			files = (
				A501961721732E4700EA75D0 /* ViewController.m in Sources */,
				A501962221732E4900EA75D0 /* main.m in Sources */,
				A501961421732E4700EA75D0 /* AppDelegate.m in Sources */,
				A501962921732EC200EA75D0 /* FirstViewController.m in Sources */,
			);
			runOnlyForDeploymentPostprocessing = 0;
		};
/* End PBXSourcesBuildPhase section */

/* Begin PBXVariantGroup section */
		A501961821732E4700EA75D0 /* Main.storyboard */ = {
			isa = PBXVariantGroup;
			children = (
				A501961921732E4700EA75D0 /* Base */,
			);
			name = Main.storyboard;
			sourceTree = "<group>";
		};
		A501961D21732E4900EA75D0 /* LaunchScreen.storyboard */ = {
			isa = PBXVariantGroup;
			children = (
				A501961E21732E4900EA75D0 /* Base */,
			);
			name = LaunchScreen.storyboard;
			sourceTree = "<group>";
		};
/* End PBXVariantGroup section */

/* Begin XCBuildConfiguration section */
		A501962321732E4900EA75D0 /* Debug */ = {
			isa = XCBuildConfiguration;
			buildSettings = {
				ALWAYS_SEARCH_USER_PATHS = NO;
				CLANG_ANALYZER_NONNULL = YES;
				CLANG_ANALYZER_NUMBER_OBJECT_CONVERSION = YES_AGGRESSIVE;
				CLANG_CXX_LANGUAGE_STANDARD = "gnu++14";
				CLANG_CXX_LIBRARY = "libc++";
				CLANG_ENABLE_MODULES = YES;
				CLANG_ENABLE_OBJC_ARC = YES;
				CLANG_ENABLE_OBJC_WEAK = YES;
				CLANG_WARN_BLOCK_CAPTURE_AUTORELEASING = YES;
				CLANG_WARN_BOOL_CONVERSION = YES;
				CLANG_WARN_COMMA = YES;
				CLANG_WARN_CONSTANT_CONVERSION = YES;
				CLANG_WARN_DEPRECATED_OBJC_IMPLEMENTATIONS = YES;
				CLANG_WARN_DIRECT_OBJC_ISA_USAGE = YES_ERROR;
				CLANG_WARN_DOCUMENTATION_COMMENTS = YES;
				CLANG_WARN_EMPTY_BODY = YES;
				CLANG_WARN_ENUM_CONVERSION = YES;
				CLANG_WARN_INFINITE_RECURSION = YES;
				CLANG_WARN_INT_CONVERSION = YES;
				CLANG_WARN_NON_LITERAL_NULL_CONVERSION = YES;
				CLANG_WARN_OBJC_IMPLICIT_RETAIN_SELF = YES;
				CLANG_WARN_OBJC_LITERAL_CONVERSION = YES;
				CLANG_WARN_OBJC_ROOT_CLASS = YES_ERROR;
				CLANG_WARN_RANGE_LOOP_ANALYSIS = YES;
				CLANG_WARN_STRICT_PROTOTYPES = YES;
				CLANG_WARN_SUSPICIOUS_MOVE = YES;
				CLANG_WARN_UNGUARDED_AVAILABILITY = YES_AGGRESSIVE;
				CLANG_WARN_UNREACHABLE_CODE = YES;
				CLANG_WARN__DUPLICATE_METHOD_MATCH = YES;
				CODE_SIGN_IDENTITY = "iPhone Developer";
				COPY_PHASE_STRIP = NO;
				DEBUG_INFORMATION_FORMAT = dwarf;
				ENABLE_STRICT_OBJC_MSGSEND = YES;
				ENABLE_TESTABILITY = YES;
				GCC_C_LANGUAGE_STANDARD = gnu11;
				GCC_DYNAMIC_NO_PIC = NO;
				GCC_NO_COMMON_BLOCKS = YES;
				GCC_OPTIMIZATION_LEVEL = 0;
				GCC_PREPROCESSOR_DEFINITIONS = (
					"DEBUG=1",
					"$(inherited)",
				);
				GCC_WARN_64_TO_32_BIT_CONVERSION = YES;
				GCC_WARN_ABOUT_RETURN_TYPE = YES_ERROR;
				GCC_WARN_UNDECLARED_SELECTOR = YES;
				GCC_WARN_UNINITIALIZED_AUTOS = YES_AGGRESSIVE;
				GCC_WARN_UNUSED_FUNCTION = YES;
				GCC_WARN_UNUSED_VARIABLE = YES;
				IPHONEOS_DEPLOYMENT_TARGET = 12.0;
				MTL_ENABLE_DEBUG_INFO = INCLUDE_SOURCE;
				MTL_FAST_MATH = YES;
				ONLY_ACTIVE_ARCH = YES;
				SDKROOT = iphoneos;
			};
			name = Debug;
		};
		A501962421732E4900EA75D0 /* Release */ = {
			isa = XCBuildConfiguration;
			buildSettings = {
				ALWAYS_SEARCH_USER_PATHS = NO;
				CLANG_ANALYZER_NONNULL = YES;
				CLANG_ANALYZER_NUMBER_OBJECT_CONVERSION = YES_AGGRESSIVE;
				CLANG_CXX_LANGUAGE_STANDARD = "gnu++14";
				CLANG_CXX_LIBRARY = "libc++";
				CLANG_ENABLE_MODULES = YES;
				CLANG_ENABLE_OBJC_ARC = YES;
				CLANG_ENABLE_OBJC_WEAK = YES;
				CLANG_WARN_BLOCK_CAPTURE_AUTORELEASING = YES;
				CLANG_WARN_BOOL_CONVERSION = YES;
				CLANG_WARN_COMMA = YES;
				CLANG_WARN_CONSTANT_CONVERSION = YES;
				CLANG_WARN_DEPRECATED_OBJC_IMPLEMENTATIONS = YES;
				CLANG_WARN_DIRECT_OBJC_ISA_USAGE = YES_ERROR;
				CLANG_WARN_DOCUMENTATION_COMMENTS = YES;
				CLANG_WARN_EMPTY_BODY = YES;
				CLANG_WARN_ENUM_CONVERSION = YES;
				CLANG_WARN_INFINITE_RECURSION = YES;
				CLANG_WARN_INT_CONVERSION = YES;
				CLANG_WARN_NON_LITERAL_NULL_CONVERSION = YES;
				CLANG_WARN_OBJC_IMPLICIT_RETAIN_SELF = YES;
				CLANG_WARN_OBJC_LITERAL_CONVERSION = YES;
				CLANG_WARN_OBJC_ROOT_CLASS = YES_ERROR;
				CLANG_WARN_RANGE_LOOP_ANALYSIS = YES;
				CLANG_WARN_STRICT_PROTOTYPES = YES;
				CLANG_WARN_SUSPICIOUS_MOVE = YES;
				CLANG_WARN_UNGUARDED_AVAILABILITY = YES_AGGRESSIVE;
				CLANG_WARN_UNREACHABLE_CODE = YES;
				CLANG_WARN__DUPLICATE_METHOD_MATCH = YES;
				CODE_SIGN_IDENTITY = "iPhone Developer";
				COPY_PHASE_STRIP = NO;
				DEBUG_INFORMATION_FORMAT = "dwarf-with-dsym";
				ENABLE_NS_ASSERTIONS = NO;
				ENABLE_STRICT_OBJC_MSGSEND = YES;
				GCC_C_LANGUAGE_STANDARD = gnu11;
				GCC_NO_COMMON_BLOCKS = YES;
				GCC_WARN_64_TO_32_BIT_CONVERSION = YES;
				GCC_WARN_ABOUT_RETURN_TYPE = YES_ERROR;
				GCC_WARN_UNDECLARED_SELECTOR = YES;
				GCC_WARN_UNINITIALIZED_AUTOS = YES_AGGRESSIVE;
				GCC_WARN_UNUSED_FUNCTION = YES;
				GCC_WARN_UNUSED_VARIABLE = YES;
				IPHONEOS_DEPLOYMENT_TARGET = 12.0;
				MTL_ENABLE_DEBUG_INFO = NO;
				MTL_FAST_MATH = YES;
				SDKROOT = iphoneos;
				VALIDATE_PRODUCT = YES;
			};
			name = Release;
		};
		A501962621732E4900EA75D0 /* Debug */ = {
			isa = XCBuildConfiguration;
			buildSettings = {
				ASSETCATALOG_COMPILER_APPICON_NAME = AppIcon;
				CODE_SIGN_STYLE = Automatic;
				DEVELOPMENT_TEAM = 88X2A69C58;
				INFOPLIST_FILE = UIViewControllerBasic/Info.plist;
				LD_RUNPATH_SEARCH_PATHS = (
					"$(inherited)",
					"@executable_path/Frameworks",
				);
				PRODUCT_BUNDLE_IDENTIFIER = com.iostraining.uiviewcontrollerbasic.UIViewControllerBasic;
				PRODUCT_NAME = "$(TARGET_NAME)";
				TARGETED_DEVICE_FAMILY = "1,2";
			};
			name = Debug;
		};
		A501962721732E4900EA75D0 /* Release */ = {
			isa = XCBuildConfiguration;
			buildSettings = {
				ASSETCATALOG_COMPILER_APPICON_NAME = AppIcon;
				CODE_SIGN_STYLE = Automatic;
				DEVELOPMENT_TEAM = 88X2A69C58;
				INFOPLIST_FILE = UIViewControllerBasic/Info.plist;
				LD_RUNPATH_SEARCH_PATHS = (
					"$(inherited)",
					"@executable_path/Frameworks",
				);
				PRODUCT_BUNDLE_IDENTIFIER = com.iostraining.uiviewcontrollerbasic.UIViewControllerBasic;
				PRODUCT_NAME = "$(TARGET_NAME)";
				TARGETED_DEVICE_FAMILY = "1,2";
			};
			name = Release;
		};
/* End XCBuildConfiguration section */

/* Begin XCConfigurationList section */
		A501960A21732E4600EA75D0 /* Build configuration list for PBXProject "UIViewControllerBasic" */ = {
			isa = XCConfigurationList;
			buildConfigurations = (
				A501962321732E4900EA75D0 /* Debug */,
				A501962421732E4900EA75D0 /* Release */,
			);
			defaultConfigurationIsVisible = 0;
			defaultConfigurationName = Release;
		};
		A501962521732E4900EA75D0 /* Build configuration list for PBXNativeTarget "UIViewControllerBasic" */ = {
			isa = XCConfigurationList;
			buildConfigurations = (
				A501962621732E4900EA75D0 /* Debug */,
				A501962721732E4900EA75D0 /* Release */,
			);
			defaultConfigurationIsVisible = 0;
			defaultConfigurationName = Release;
		};
/* End XCConfigurationList section */
	};
	rootObject = A501960721732E4600EA75D0 /* Project object */;
}
